
Microsoft Visual Studio Solution File, Format Version 12.00
Project("{FAE04EC0-301F-11D3-BF4B-00C04F79EFBC}") = "NasaExam", "NasaExam\NasaExam.csproj", "{0D9C1D11-3701-46A1-98B7-A7C4FE80E0AB}"
EndProject
Project("{2150E333-8FDC-42A3-9474-1A3956D46DE8}") = "TestAPOD", "TestAPOD", "{10F2FEE9-5EDF-47DF-B11C-7844BE4A009E}"
EndProject
Project("{FAE04EC0-301F-11D3-BF4B-00C04F79EFBC}") = "TestProject1", "TestProject1\TestProject1.csproj", "{44FE1AE8-F9EC-4C20-A8B4-98AC97786878}"
EndProject
Global
	GlobalSection(SolutionConfigurationPlatforms) = preSolution
		Debug|Any CPU = Debug|Any CPU
		Release|Any CPU = Release|Any CPU
	EndGlobalSection
	GlobalSection(ProjectConfigurationPlatforms) = postSolution
		{0D9C1D11-3701-46A1-98B7-A7C4FE80E0AB}.Debug|Any CPU.ActiveCfg = Debug|Any CPU
		{0D9C1D11-3701-46A1-98B7-A7C4FE80E0AB}.Debug|Any CPU.Build.0 = Debug|Any CPU
		{0D9C1D11-3701-46A1-98B7-A7C4FE80E0AB}.Release|Any CPU.ActiveCfg = Release|Any CPU
		{0D9C1D11-3701-46A1-98B7-A7C4FE80E0AB}.Release|Any CPU.Build.0 = Release|Any CPU
		{44FE1AE8-F9EC-4C20-A8B4-98AC97786878}.Debug|Any CPU.ActiveCfg = Debug|Any CPU
		{44FE1AE8-F9EC-4C20-A8B4-98AC97786878}.Debug|Any CPU.Build.0 = Debug|Any CPU
		{44FE1AE8-F9EC-4C20-A8B4-98AC97786878}.Release|Any CPU.ActiveCfg = Release|Any CPU
		{44FE1AE8-F9EC-4C20-A8B4-98AC97786878}.Release|Any CPU.Build.0 = Release|Any CPU
	EndGlobalSection
	GlobalSection(NestedProjects) = preSolution
		{44FE1AE8-F9EC-4C20-A8B4-98AC97786878} = {10F2FEE9-5EDF-47DF-B11C-7844BE4A009E}
	EndGlobalSection
EndGlobal
